
Microsoft Visual Studio Solution File, Format Version 12.00
# Visual Studio 14
VisualStudioVersion = 14.0.25420.1
MinimumVisualStudioVersion = 10.0.40219.1
Project("{FAE04EC0-301F-11D3-BF4B-00C04F79EFBC}") = "AdvCSharp.FormApp", "AdvCSharp.FormApp\AdvCSharp.FormApp.csproj", "{1D4CD0FA-572D-42B6-A2EC-796D987296DA}"
EndProject
Project("{FAE04EC0-301F-11D3-BF4B-00C04F79EFBC}") = "PluginInterface", "PluginInterface\PluginInterface.csproj", "{2CA3DF50-A29F-425C-AC4A-D772780B6517}"
EndProject
Global
	GlobalSection(SolutionConfigurationPlatforms) = preSolution
		Debug|Any CPU = Debug|Any CPU
		Release|Any CPU = Release|Any CPU
	EndGlobalSection
	GlobalSection(ProjectConfigurationPlatforms) = postSolution
		{1D4CD0FA-572D-42B6-A2EC-796D987296DA}.Debug|Any CPU.ActiveCfg = Debug|Any CPU
		{1D4CD0FA-572D-42B6-A2EC-796D987296DA}.Debug|Any CPU.Build.0 = Debug|Any CPU
		{1D4CD0FA-572D-42B6-A2EC-796D987296DA}.Release|Any CPU.ActiveCfg = Release|Any CPU
		{1D4CD0FA-572D-42B6-A2EC-796D987296DA}.Release|Any CPU.Build.0 = Release|Any CPU
		{2CA3DF50-A29F-425C-AC4A-D772780B6517}.Debug|Any CPU.ActiveCfg = Debug|Any CPU
		{2CA3DF50-A29F-425C-AC4A-D772780B6517}.Debug|Any CPU.Build.0 = Debug|Any CPU
		{2CA3DF50-A29F-425C-AC4A-D772780B6517}.Release|Any CPU.ActiveCfg = Release|Any CPU
		{2CA3DF50-A29F-425C-AC4A-D772780B6517}.Release|Any CPU.Build.0 = Release|Any CPU
	EndGlobalSection
	GlobalSection(SolutionProperties) = preSolution
		HideSolutionNode = FALSE
	EndGlobalSection
EndGlobal
